// !$*UTF8*$!
{
	archiveVersion = 1;
	classes = {
	};
	objectVersion = 56;
	objects = {

/* Begin PBXBuildFile section */
		04E332692C36BABF00B8309D /* test_assignment_genai_appsApp.swift in Sources */ = {isa = PBXBuildFile; fileRef = 04E332682C36BABF00B8309D /* test_assignment_genai_appsApp.swift */; };
		04E3326B2C36BABF00B8309D /* ContentView.swift in Sources */ = {isa = PBXBuildFile; fileRef = 04E3326A2C36BABF00B8309D /* ContentView.swift */; };
		04E3326D2C36BAC000B8309D /* Assets.xcassets in Resources */ = {isa = PBXBuildFile; fileRef = 04E3326C2C36BAC000B8309D /* Assets.xcassets */; };
		04E332702C36BAC000B8309D /* Preview Assets.xcassets in Resources */ = {isa = PBXBuildFile; fileRef = 04E3326F2C36BAC000B8309D /* Preview Assets.xcassets */; };
		04E332782C36C35900B8309D /* CombineMoya in Frameworks */ = {isa = PBXBuildFile; productRef = 04E332772C36C35900B8309D /* CombineMoya */; };
		04E3327A2C36C35900B8309D /* Moya in Frameworks */ = {isa = PBXBuildFile; productRef = 04E332792C36C35900B8309D /* Moya */; };
		04E332822C36C84900B8309D /* API.swift in Sources */ = {isa = PBXBuildFile; fileRef = 04E3327B2C36C84900B8309D /* API.swift */; };
		04E332852C36C84900B8309D /* Target.swift in Sources */ = {isa = PBXBuildFile; fileRef = 04E3327E2C36C84900B8309D /* Target.swift */; };
		04E332862C36C84900B8309D /* TargetRequests.swift in Sources */ = {isa = PBXBuildFile; fileRef = 04E3327F2C36C84900B8309D /* TargetRequests.swift */; };
		04E332872C36C84900B8309D /* TargetTypes.swift in Sources */ = {isa = PBXBuildFile; fileRef = 04E332802C36C84900B8309D /* TargetTypes.swift */; };
		04E332892C36C9CF00B8309D /* ApplicationSettings.swift in Sources */ = {isa = PBXBuildFile; fileRef = 04E332882C36C9CF00B8309D /* ApplicationSettings.swift */; };
		04E3328C2C36CA2E00B8309D /* Bundle+Extension.swift in Sources */ = {isa = PBXBuildFile; fileRef = 04E3328B2C36CA2E00B8309D /* Bundle+Extension.swift */; };
		04E3328E2C36CB9300B8309D /* APIError.swift in Sources */ = {isa = PBXBuildFile; fileRef = 04E3328D2C36CB9300B8309D /* APIError.swift */; };
		04E332902C36CBDA00B8309D /* Publisher+Extension.swift in Sources */ = {isa = PBXBuildFile; fileRef = 04E3328F2C36CBDA00B8309D /* Publisher+Extension.swift */; };
		04E332922C36CC2F00B8309D /* UIApplication+Extension.swift in Sources */ = {isa = PBXBuildFile; fileRef = 04E332912C36CC2F00B8309D /* UIApplication+Extension.swift */; };
		04E332952C36CE0100B8309D /* MostPopular.swift in Sources */ = {isa = PBXBuildFile; fileRef = 04E332942C36CE0100B8309D /* MostPopular.swift */; };
		04E332972C36CE7600B8309D /* Data+Extension.swift in Sources */ = {isa = PBXBuildFile; fileRef = 04E332962C36CE7600B8309D /* Data+Extension.swift */; };
		04E3329B2C36D24800B8309D /* ApplicationSecrets.swift in Sources */ = {isa = PBXBuildFile; fileRef = 04E3329A2C36D24800B8309D /* ApplicationSecrets.swift */; };
		04E332A02C36D5E400B8309D /* DTO.MostPopularArticle.swift in Sources */ = {isa = PBXBuildFile; fileRef = 04E3329F2C36D5E400B8309D /* DTO.MostPopularArticle.swift */; };
		04E332A22C36D5EF00B8309D /* MostPopularArticle.swift in Sources */ = {isa = PBXBuildFile; fileRef = 04E332A12C36D5EF00B8309D /* MostPopularArticle.swift */; };
		04E332A52C36D60800B8309D /* MostPopularArticleResponse.json in Resources */ = {isa = PBXBuildFile; fileRef = 04E332A42C36D60800B8309D /* MostPopularArticleResponse.json */; };
		04E332A72C36D70D00B8309D /* DTO.swift in Sources */ = {isa = PBXBuildFile; fileRef = 04E332A62C36D70D00B8309D /* DTO.swift */; };
		04E332AC2C36DA0100B8309D /* Publishers+Extension.swift in Sources */ = {isa = PBXBuildFile; fileRef = 04E332AB2C36DA0100B8309D /* Publishers+Extension.swift */; };
		04E332B32C36DC6D00B8309D /* DependencyInjection.swift in Sources */ = {isa = PBXBuildFile; fileRef = 04E332B22C36DC6D00B8309D /* DependencyInjection.swift */; };
		04E332B52C36DC9F00B8309D /* ArticleService.swift in Sources */ = {isa = PBXBuildFile; fileRef = 04E332B42C36DC9F00B8309D /* ArticleService.swift */; };
		04E332B72C36E24000B8309D /* RemoteConfigService.swift in Sources */ = {isa = PBXBuildFile; fileRef = 04E332B62C36E24000B8309D /* RemoteConfigService.swift */; };
		04E332B92C36E4BC00B8309D /* ContentViewModel.swift in Sources */ = {isa = PBXBuildFile; fileRef = 04E332B82C36E4BC00B8309D /* ContentViewModel.swift */; };
/* End PBXBuildFile section */

/* Begin PBXFileReference section */
		04E332652C36BABF00B8309D /* test-assignment-genai-apps.app */ = {isa = PBXFileReference; explicitFileType = wrapper.application; includeInIndex = 0; path = "test-assignment-genai-apps.app"; sourceTree = BUILT_PRODUCTS_DIR; };
		04E332682C36BABF00B8309D /* test_assignment_genai_appsApp.swift */ = {isa = PBXFileReference; lastKnownFileType = sourcecode.swift; path = test_assignment_genai_appsApp.swift; sourceTree = "<group>"; };
		04E3326A2C36BABF00B8309D /* ContentView.swift */ = {isa = PBXFileReference; lastKnownFileType = sourcecode.swift; path = ContentView.swift; sourceTree = "<group>"; };
		04E3326C2C36BAC000B8309D /* Assets.xcassets */ = {isa = PBXFileReference; lastKnownFileType = folder.assetcatalog; path = Assets.xcassets; sourceTree = "<group>"; };
		04E3326F2C36BAC000B8309D /* Preview Assets.xcassets */ = {isa = PBXFileReference; lastKnownFileType = folder.assetcatalog; path = "Preview Assets.xcassets"; sourceTree = "<group>"; };
		04E3327B2C36C84900B8309D /* API.swift */ = {isa = PBXFileReference; fileEncoding = 4; lastKnownFileType = sourcecode.swift; path = API.swift; sourceTree = "<group>"; };
		04E3327E2C36C84900B8309D /* Target.swift */ = {isa = PBXFileReference; fileEncoding = 4; lastKnownFileType = sourcecode.swift; path = Target.swift; sourceTree = "<group>"; };
		04E3327F2C36C84900B8309D /* TargetRequests.swift */ = {isa = PBXFileReference; fileEncoding = 4; lastKnownFileType = sourcecode.swift; path = TargetRequests.swift; sourceTree = "<group>"; };
		04E332802C36C84900B8309D /* TargetTypes.swift */ = {isa = PBXFileReference; fileEncoding = 4; lastKnownFileType = sourcecode.swift; path = TargetTypes.swift; sourceTree = "<group>"; };
		04E332882C36C9CF00B8309D /* ApplicationSettings.swift */ = {isa = PBXFileReference; lastKnownFileType = sourcecode.swift; path = ApplicationSettings.swift; sourceTree = "<group>"; };
		04E3328B2C36CA2E00B8309D /* Bundle+Extension.swift */ = {isa = PBXFileReference; lastKnownFileType = sourcecode.swift; path = "Bundle+Extension.swift"; sourceTree = "<group>"; };
		04E3328D2C36CB9300B8309D /* APIError.swift */ = {isa = PBXFileReference; lastKnownFileType = sourcecode.swift; path = APIError.swift; sourceTree = "<group>"; };
		04E3328F2C36CBDA00B8309D /* Publisher+Extension.swift */ = {isa = PBXFileReference; lastKnownFileType = sourcecode.swift; path = "Publisher+Extension.swift"; sourceTree = "<group>"; };
		04E332912C36CC2F00B8309D /* UIApplication+Extension.swift */ = {isa = PBXFileReference; lastKnownFileType = sourcecode.swift; path = "UIApplication+Extension.swift"; sourceTree = "<group>"; };
		04E332942C36CE0100B8309D /* MostPopular.swift */ = {isa = PBXFileReference; lastKnownFileType = sourcecode.swift; path = MostPopular.swift; sourceTree = "<group>"; };
		04E332962C36CE7600B8309D /* Data+Extension.swift */ = {isa = PBXFileReference; lastKnownFileType = sourcecode.swift; path = "Data+Extension.swift"; sourceTree = "<group>"; };
		04E3329A2C36D24800B8309D /* ApplicationSecrets.swift */ = {isa = PBXFileReference; lastKnownFileType = sourcecode.swift; path = ApplicationSecrets.swift; sourceTree = "<group>"; };
		04E3329F2C36D5E400B8309D /* DTO.MostPopularArticle.swift */ = {isa = PBXFileReference; lastKnownFileType = sourcecode.swift; path = DTO.MostPopularArticle.swift; sourceTree = "<group>"; };
		04E332A12C36D5EF00B8309D /* MostPopularArticle.swift */ = {isa = PBXFileReference; lastKnownFileType = sourcecode.swift; path = MostPopularArticle.swift; sourceTree = "<group>"; };
		04E332A42C36D60800B8309D /* MostPopularArticleResponse.json */ = {isa = PBXFileReference; lastKnownFileType = text.json; path = MostPopularArticleResponse.json; sourceTree = "<group>"; };
		04E332A62C36D70D00B8309D /* DTO.swift */ = {isa = PBXFileReference; lastKnownFileType = sourcecode.swift; path = DTO.swift; sourceTree = "<group>"; };
		04E332AB2C36DA0100B8309D /* Publishers+Extension.swift */ = {isa = PBXFileReference; lastKnownFileType = sourcecode.swift; path = "Publishers+Extension.swift"; sourceTree = "<group>"; };
		04E332B22C36DC6D00B8309D /* DependencyInjection.swift */ = {isa = PBXFileReference; lastKnownFileType = sourcecode.swift; path = DependencyInjection.swift; sourceTree = "<group>"; };
		04E332B42C36DC9F00B8309D /* ArticleService.swift */ = {isa = PBXFileReference; lastKnownFileType = sourcecode.swift; path = ArticleService.swift; sourceTree = "<group>"; };
		04E332B62C36E24000B8309D /* RemoteConfigService.swift */ = {isa = PBXFileReference; lastKnownFileType = sourcecode.swift; path = RemoteConfigService.swift; sourceTree = "<group>"; };
		04E332B82C36E4BC00B8309D /* ContentViewModel.swift */ = {isa = PBXFileReference; lastKnownFileType = sourcecode.swift; path = ContentViewModel.swift; sourceTree = "<group>"; };
/* End PBXFileReference section */

/* Begin PBXFrameworksBuildPhase section */
		04E332622C36BABF00B8309D /* Frameworks */ = {
			isa = PBXFrameworksBuildPhase;
			buildActionMask = 2147483647;
			files = (
				04E3327A2C36C35900B8309D /* Moya in Frameworks */,
				04E332782C36C35900B8309D /* CombineMoya in Frameworks */,
			);
			runOnlyForDeploymentPostprocessing = 0;
		};
/* End PBXFrameworksBuildPhase section */

/* Begin PBXGroup section */
		04E3325C2C36BABF00B8309D = {
			isa = PBXGroup;
			children = (
				04E332672C36BABF00B8309D /* test-assignment-genai-apps */,
				04E332662C36BABF00B8309D /* Products */,
			);
			sourceTree = "<group>";
		};
		04E332662C36BABF00B8309D /* Products */ = {
			isa = PBXGroup;
			children = (
				04E332652C36BABF00B8309D /* test-assignment-genai-apps.app */,
			);
			name = Products;
			sourceTree = "<group>";
		};
		04E332672C36BABF00B8309D /* test-assignment-genai-apps */ = {
			isa = PBXGroup;
			children = (
				04E332A92C36D85400B8309D /* Application */,
				04E332A82C36D83200B8309D /* Resources */,
			);
			path = "test-assignment-genai-apps";
			sourceTree = "<group>";
		};
		04E3326E2C36BAC000B8309D /* Preview Content */ = {
			isa = PBXGroup;
			children = (
				04E3326F2C36BAC000B8309D /* Preview Assets.xcassets */,
			);
			path = "Preview Content";
			sourceTree = "<group>";
		};
		04E332812C36C84900B8309D /* API */ = {
			isa = PBXGroup;
			children = (
				04E332942C36CE0100B8309D /* MostPopular.swift */,
				04E332932C36CCE400B8309D /* Core */,
				04E332A32C36D5F500B8309D /* Payloads */,
			);
			path = API;
			sourceTree = "<group>";
		};
		04E3328A2C36CA2600B8309D /* Extensions */ = {
			isa = PBXGroup;
			children = (
				04E3328B2C36CA2E00B8309D /* Bundle+Extension.swift */,
				04E332962C36CE7600B8309D /* Data+Extension.swift */,
				04E3328F2C36CBDA00B8309D /* Publisher+Extension.swift */,
				04E332AB2C36DA0100B8309D /* Publishers+Extension.swift */,
				04E332912C36CC2F00B8309D /* UIApplication+Extension.swift */,
			);
			path = Extensions;
			sourceTree = "<group>";
		};
		04E332932C36CCE400B8309D /* Core */ = {
			isa = PBXGroup;
			children = (
				04E3327B2C36C84900B8309D /* API.swift */,
				04E3328D2C36CB9300B8309D /* APIError.swift */,
				04E3327E2C36C84900B8309D /* Target.swift */,
				04E3327F2C36C84900B8309D /* TargetRequests.swift */,
				04E332802C36C84900B8309D /* TargetTypes.swift */,
			);
			path = Core;
			sourceTree = "<group>";
		};
		04E3329D2C36D5C100B8309D /* ResponseModels */ = {
			isa = PBXGroup;
			children = (
				04E3329F2C36D5E400B8309D /* DTO.MostPopularArticle.swift */,
				04E332A62C36D70D00B8309D /* DTO.swift */,
			);
			path = ResponseModels;
			sourceTree = "<group>";
		};
		04E3329E2C36D5CC00B8309D /* DomainModels */ = {
			isa = PBXGroup;
			children = (
				04E332A12C36D5EF00B8309D /* MostPopularArticle.swift */,
			);
			path = DomainModels;
			sourceTree = "<group>";
		};
		04E332A32C36D5F500B8309D /* Payloads */ = {
			isa = PBXGroup;
			children = (
				04E332A42C36D60800B8309D /* MostPopularArticleResponse.json */,
			);
			path = Payloads;
			sourceTree = "<group>";
		};
		04E332A82C36D83200B8309D /* Resources */ = {
			isa = PBXGroup;
			children = (
				04E3329A2C36D24800B8309D /* ApplicationSecrets.swift */,
				04E3326C2C36BAC000B8309D /* Assets.xcassets */,
				04E3326E2C36BAC000B8309D /* Preview Content */,
			);
			path = Resources;
			sourceTree = "<group>";
		};
		04E332A92C36D85400B8309D /* Application */ = {
			isa = PBXGroup;
			children = (
				04E332AE2C36DC2100B8309D /* Helpers */,
				04E332AD2C36DC0900B8309D /* Services */,
				04E332812C36C84900B8309D /* API */,
				04E3329E2C36D5CC00B8309D /* DomainModels */,
				04E3328A2C36CA2600B8309D /* Extensions */,
				04E3329D2C36D5C100B8309D /* ResponseModels */,
				04E332AA2C36D8F800B8309D /* UI */,
			);
			path = Application;
			sourceTree = "<group>";
		};
		04E332AA2C36D8F800B8309D /* UI */ = {
			isa = PBXGroup;
			children = (
				04E3326A2C36BABF00B8309D /* ContentView.swift */,
				04E332B82C36E4BC00B8309D /* ContentViewModel.swift */,
				04E332682C36BABF00B8309D /* test_assignment_genai_appsApp.swift */,
			);
			path = UI;
			sourceTree = "<group>";
		};
		04E332AD2C36DC0900B8309D /* Services */ = {
			isa = PBXGroup;
			children = (
				04E332B42C36DC9F00B8309D /* ArticleService.swift */,
				04E332B62C36E24000B8309D /* RemoteConfigService.swift */,
			);
			path = Services;
			sourceTree = "<group>";
		};
		04E332AE2C36DC2100B8309D /* Helpers */ = {
			isa = PBXGroup;
			children = (
				04E332882C36C9CF00B8309D /* ApplicationSettings.swift */,
				04E332B22C36DC6D00B8309D /* DependencyInjection.swift */,
			);
			path = Helpers;
			sourceTree = "<group>";
		};
/* End PBXGroup section */

/* Begin PBXNativeTarget section */
		04E332642C36BABF00B8309D /* test-assignment-genai-apps */ = {
			isa = PBXNativeTarget;
			buildConfigurationList = 04E332732C36BAC000B8309D /* Build configuration list for PBXNativeTarget "test-assignment-genai-apps" */;
			buildPhases = (
				04E332612C36BABF00B8309D /* Sources */,
				04E332622C36BABF00B8309D /* Frameworks */,
				04E332632C36BABF00B8309D /* Resources */,
			);
			buildRules = (
			);
			dependencies = (
			);
			name = "test-assignment-genai-apps";
			packageProductDependencies = (
				04E332772C36C35900B8309D /* CombineMoya */,
				04E332792C36C35900B8309D /* Moya */,
			);
			productName = "test-assignment-genai-apps";
			productReference = 04E332652C36BABF00B8309D /* test-assignment-genai-apps.app */;
			productType = "com.apple.product-type.application";
		};
/* End PBXNativeTarget section */

/* Begin PBXProject section */
		04E3325D2C36BABF00B8309D /* Project object */ = {
			isa = PBXProject;
			attributes = {
				BuildIndependentTargetsInParallel = 1;
				LastSwiftUpdateCheck = 1540;
				LastUpgradeCheck = 1540;
				TargetAttributes = {
					04E332642C36BABF00B8309D = {
						CreatedOnToolsVersion = 15.4;
					};
				};
			};
			buildConfigurationList = 04E332602C36BABF00B8309D /* Build configuration list for PBXProject "test-assignment-genai-apps" */;
			compatibilityVersion = "Xcode 14.0";
			developmentRegion = en;
			hasScannedForEncodings = 0;
			knownRegions = (
				en,
				Base,
			);
			mainGroup = 04E3325C2C36BABF00B8309D;
			packageReferences = (
				04E332762C36C35900B8309D /* XCRemoteSwiftPackageReference "Moya" */,
			);
			productRefGroup = 04E332662C36BABF00B8309D /* Products */;
			projectDirPath = "";
			projectRoot = "";
			targets = (
				04E332642C36BABF00B8309D /* test-assignment-genai-apps */,
			);
		};
/* End PBXProject section */

/* Begin PBXResourcesBuildPhase section */
		04E332632C36BABF00B8309D /* Resources */ = {
			isa = PBXResourcesBuildPhase;
			buildActionMask = 2147483647;
			files = (
				04E332702C36BAC000B8309D /* Preview Assets.xcassets in Resources */,
				04E3326D2C36BAC000B8309D /* Assets.xcassets in Resources */,
				04E332A52C36D60800B8309D /* MostPopularArticleResponse.json in Resources */,
			);
			runOnlyForDeploymentPostprocessing = 0;
		};
/* End PBXResourcesBuildPhase section */

/* Begin PBXSourcesBuildPhase section */
		04E332612C36BABF00B8309D /* Sources */ = {
			isa = PBXSourcesBuildPhase;
			buildActionMask = 2147483647;
			files = (
				04E332B52C36DC9F00B8309D /* ArticleService.swift in Sources */,
				04E332972C36CE7600B8309D /* Data+Extension.swift in Sources */,
				04E332872C36C84900B8309D /* TargetTypes.swift in Sources */,
				04E3328C2C36CA2E00B8309D /* Bundle+Extension.swift in Sources */,
				04E332B32C36DC6D00B8309D /* DependencyInjection.swift in Sources */,
				04E332A02C36D5E400B8309D /* DTO.MostPopularArticle.swift in Sources */,
				04E332B72C36E24000B8309D /* RemoteConfigService.swift in Sources */,
				04E332892C36C9CF00B8309D /* ApplicationSettings.swift in Sources */,
				04E332852C36C84900B8309D /* Target.swift in Sources */,
				04E332902C36CBDA00B8309D /* Publisher+Extension.swift in Sources */,
				04E3326B2C36BABF00B8309D /* ContentView.swift in Sources */,
				04E332822C36C84900B8309D /* API.swift in Sources */,
				04E332A22C36D5EF00B8309D /* MostPopularArticle.swift in Sources */,
				04E332692C36BABF00B8309D /* test_assignment_genai_appsApp.swift in Sources */,
				04E332922C36CC2F00B8309D /* UIApplication+Extension.swift in Sources */,
				04E332A72C36D70D00B8309D /* DTO.swift in Sources */,
				04E332862C36C84900B8309D /* TargetRequests.swift in Sources */,
				04E332AC2C36DA0100B8309D /* Publishers+Extension.swift in Sources */,
				04E332B92C36E4BC00B8309D /* ContentViewModel.swift in Sources */,
				04E332952C36CE0100B8309D /* MostPopular.swift in Sources */,
				04E3329B2C36D24800B8309D /* ApplicationSecrets.swift in Sources */,
				04E3328E2C36CB9300B8309D /* APIError.swift in Sources */,
			);
			runOnlyForDeploymentPostprocessing = 0;
		};
/* End PBXSourcesBuildPhase section */

/* Begin XCBuildConfiguration section */
		04E332712C36BAC000B8309D /* Debug */ = {
			isa = XCBuildConfiguration;
			buildSettings = {
				ALWAYS_SEARCH_USER_PATHS = NO;
				ASSETCATALOG_COMPILER_GENERATE_SWIFT_ASSET_SYMBOL_EXTENSIONS = YES;
				CLANG_ANALYZER_NONNULL = YES;
				CLANG_ANALYZER_NUMBER_OBJECT_CONVERSION = YES_AGGRESSIVE;
				CLANG_CXX_LANGUAGE_STANDARD = "gnu++20";
				CLANG_ENABLE_MODULES = YES;
				CLANG_ENABLE_OBJC_ARC = YES;
				CLANG_ENABLE_OBJC_WEAK = YES;
				CLANG_WARN_BLOCK_CAPTURE_AUTORELEASING = YES;
				CLANG_WARN_BOOL_CONVERSION = YES;
				CLANG_WARN_COMMA = YES;
				CLANG_WARN_CONSTANT_CONVERSION = YES;
				CLANG_WARN_DEPRECATED_OBJC_IMPLEMENTATIONS = YES;
				CLANG_WARN_DIRECT_OBJC_ISA_USAGE = YES_ERROR;
				CLANG_WARN_DOCUMENTATION_COMMENTS = YES;
				CLANG_WARN_EMPTY_BODY = YES;
				CLANG_WARN_ENUM_CONVERSION = YES;
				CLANG_WARN_INFINITE_RECURSION = YES;
				CLANG_WARN_INT_CONVERSION = YES;
				CLANG_WARN_NON_LITERAL_NULL_CONVERSION = YES;
				CLANG_WARN_OBJC_IMPLICIT_RETAIN_SELF = YES;
				CLANG_WARN_OBJC_LITERAL_CONVERSION = YES;
				CLANG_WARN_OBJC_ROOT_CLASS = YES_ERROR;
				CLANG_WARN_QUOTED_INCLUDE_IN_FRAMEWORK_HEADER = YES;
				CLANG_WARN_RANGE_LOOP_ANALYSIS = YES;
				CLANG_WARN_STRICT_PROTOTYPES = YES;
				CLANG_WARN_SUSPICIOUS_MOVE = YES;
				CLANG_WARN_UNGUARDED_AVAILABILITY = YES_AGGRESSIVE;
				CLANG_WARN_UNREACHABLE_CODE = YES;
				CLANG_WARN__DUPLICATE_METHOD_MATCH = YES;
				COPY_PHASE_STRIP = NO;
				DEBUG_INFORMATION_FORMAT = dwarf;
				ENABLE_STRICT_OBJC_MSGSEND = YES;
				ENABLE_TESTABILITY = YES;
				ENABLE_USER_SCRIPT_SANDBOXING = YES;
				GCC_C_LANGUAGE_STANDARD = gnu17;
				GCC_DYNAMIC_NO_PIC = NO;
				GCC_NO_COMMON_BLOCKS = YES;
				GCC_OPTIMIZATION_LEVEL = 0;
				GCC_PREPROCESSOR_DEFINITIONS = (
					"DEBUG=1",
					"$(inherited)",
				);
				GCC_WARN_64_TO_32_BIT_CONVERSION = YES;
				GCC_WARN_ABOUT_RETURN_TYPE = YES_ERROR;
				GCC_WARN_UNDECLARED_SELECTOR = YES;
				GCC_WARN_UNINITIALIZED_AUTOS = YES_AGGRESSIVE;
				GCC_WARN_UNUSED_FUNCTION = YES;
				GCC_WARN_UNUSED_VARIABLE = YES;
				IPHONEOS_DEPLOYMENT_TARGET = 17.5;
				LOCALIZATION_PREFERS_STRING_CATALOGS = YES;
				MTL_ENABLE_DEBUG_INFO = INCLUDE_SOURCE;
				MTL_FAST_MATH = YES;
				ONLY_ACTIVE_ARCH = YES;
				SDKROOT = iphoneos;
				SWIFT_ACTIVE_COMPILATION_CONDITIONS = "DEBUG $(inherited)";
				SWIFT_OPTIMIZATION_LEVEL = "-Onone";
			};
			name = Debug;
		};
		04E332722C36BAC000B8309D /* Release */ = {
			isa = XCBuildConfiguration;
			buildSettings = {
				ALWAYS_SEARCH_USER_PATHS = NO;
				ASSETCATALOG_COMPILER_GENERATE_SWIFT_ASSET_SYMBOL_EXTENSIONS = YES;
				CLANG_ANALYZER_NONNULL = YES;
				CLANG_ANALYZER_NUMBER_OBJECT_CONVERSION = YES_AGGRESSIVE;
				CLANG_CXX_LANGUAGE_STANDARD = "gnu++20";
				CLANG_ENABLE_MODULES = YES;
				CLANG_ENABLE_OBJC_ARC = YES;
				CLANG_ENABLE_OBJC_WEAK = YES;
				CLANG_WARN_BLOCK_CAPTURE_AUTORELEASING = YES;
				CLANG_WARN_BOOL_CONVERSION = YES;
				CLANG_WARN_COMMA = YES;
				CLANG_WARN_CONSTANT_CONVERSION = YES;
				CLANG_WARN_DEPRECATED_OBJC_IMPLEMENTATIONS = YES;
				CLANG_WARN_DIRECT_OBJC_ISA_USAGE = YES_ERROR;
				CLANG_WARN_DOCUMENTATION_COMMENTS = YES;
				CLANG_WARN_EMPTY_BODY = YES;
				CLANG_WARN_ENUM_CONVERSION = YES;
				CLANG_WARN_INFINITE_RECURSION = YES;
				CLANG_WARN_INT_CONVERSION = YES;
				CLANG_WARN_NON_LITERAL_NULL_CONVERSION = YES;
				CLANG_WARN_OBJC_IMPLICIT_RETAIN_SELF = YES;
				CLANG_WARN_OBJC_LITERAL_CONVERSION = YES;
				CLANG_WARN_OBJC_ROOT_CLASS = YES_ERROR;
				CLANG_WARN_QUOTED_INCLUDE_IN_FRAMEWORK_HEADER = YES;
				CLANG_WARN_RANGE_LOOP_ANALYSIS = YES;
				CLANG_WARN_STRICT_PROTOTYPES = YES;
				CLANG_WARN_SUSPICIOUS_MOVE = YES;
				CLANG_WARN_UNGUARDED_AVAILABILITY = YES_AGGRESSIVE;
				CLANG_WARN_UNREACHABLE_CODE = YES;
				CLANG_WARN__DUPLICATE_METHOD_MATCH = YES;
				COPY_PHASE_STRIP = NO;
				DEBUG_INFORMATION_FORMAT = "dwarf-with-dsym";
				ENABLE_NS_ASSERTIONS = NO;
				ENABLE_STRICT_OBJC_MSGSEND = YES;
				ENABLE_USER_SCRIPT_SANDBOXING = YES;
				GCC_C_LANGUAGE_STANDARD = gnu17;
				GCC_NO_COMMON_BLOCKS = YES;
				GCC_WARN_64_TO_32_BIT_CONVERSION = YES;
				GCC_WARN_ABOUT_RETURN_TYPE = YES_ERROR;
				GCC_WARN_UNDECLARED_SELECTOR = YES;
				GCC_WARN_UNINITIALIZED_AUTOS = YES_AGGRESSIVE;
				GCC_WARN_UNUSED_FUNCTION = YES;
				GCC_WARN_UNUSED_VARIABLE = YES;
				IPHONEOS_DEPLOYMENT_TARGET = 17.5;
				LOCALIZATION_PREFERS_STRING_CATALOGS = YES;
				MTL_ENABLE_DEBUG_INFO = NO;
				MTL_FAST_MATH = YES;
				SDKROOT = iphoneos;
				SWIFT_COMPILATION_MODE = wholemodule;
				VALIDATE_PRODUCT = YES;
			};
			name = Release;
		};
		04E332742C36BAC000B8309D /* Debug */ = {
			isa = XCBuildConfiguration;
			buildSettings = {
				ASSETCATALOG_COMPILER_APPICON_NAME = AppIcon;
				ASSETCATALOG_COMPILER_GLOBAL_ACCENT_COLOR_NAME = AccentColor;
				CODE_SIGN_STYLE = Automatic;
				CURRENT_PROJECT_VERSION = 1;
				DEVELOPMENT_ASSET_PATHS = "\"test-assignment-genai-apps/Resources/Preview Content\"";
				DEVELOPMENT_TEAM = 2UV3UVQ6CK;
				ENABLE_PREVIEWS = YES;
				GENERATE_INFOPLIST_FILE = YES;
				INFOPLIST_KEY_UIApplicationSceneManifest_Generation = YES;
				INFOPLIST_KEY_UIApplicationSupportsIndirectInputEvents = YES;
				INFOPLIST_KEY_UILaunchScreen_Generation = YES;
				INFOPLIST_KEY_UISupportedInterfaceOrientations = "UIInterfaceOrientationLandscapeLeft UIInterfaceOrientationLandscapeRight UIInterfaceOrientationPortrait UIInterfaceOrientationPortraitUpsideDown";
				IPHONEOS_DEPLOYMENT_TARGET = 14.0;
				LD_RUNPATH_SEARCH_PATHS = (
					"$(inherited)",
					"@executable_path/Frameworks",
				);
				MARKETING_VERSION = 1.0;
				PRODUCT_BUNDLE_IDENTIFIER = "com.valeriy.kovalevskiy.test-assignment-genai-apps";
				PRODUCT_NAME = "$(TARGET_NAME)";
				SUPPORTED_PLATFORMS = "iphoneos iphonesimulator";
				SUPPORTS_MACCATALYST = NO;
				SUPPORTS_MAC_DESIGNED_FOR_IPHONE_IPAD = NO;
				SUPPORTS_XR_DESIGNED_FOR_IPHONE_IPAD = NO;
				SWIFT_EMIT_LOC_STRINGS = YES;
				SWIFT_VERSION = 5.0;
				TARGETED_DEVICE_FAMILY = "1,2";
			};
			name = Debug;
		};
		04E332752C36BAC000B8309D /* Release */ = {
			isa = XCBuildConfiguration;
			buildSettings = {
				ASSETCATALOG_COMPILER_APPICON_NAME = AppIcon;
				ASSETCATALOG_COMPILER_GLOBAL_ACCENT_COLOR_NAME = AccentColor;
				CODE_SIGN_STYLE = Automatic;
				CURRENT_PROJECT_VERSION = 1;
				DEVELOPMENT_ASSET_PATHS = "\"test-assignment-genai-apps/Resources/Preview Content\"";
				DEVELOPMENT_TEAM = 2UV3UVQ6CK;
				ENABLE_PREVIEWS = YES;
				GENERATE_INFOPLIST_FILE = YES;
				INFOPLIST_KEY_UIApplicationSceneManifest_Generation = YES;
				INFOPLIST_KEY_UIApplicationSupportsIndirectInputEvents = YES;
				INFOPLIST_KEY_UILaunchScreen_Generation = YES;
				INFOPLIST_KEY_UISupportedInterfaceOrientations = "UIInterfaceOrientationLandscapeLeft UIInterfaceOrientationLandscapeRight UIInterfaceOrientationPortrait UIInterfaceOrientationPortraitUpsideDown";
				IPHONEOS_DEPLOYMENT_TARGET = 14.0;
				LD_RUNPATH_SEARCH_PATHS = (
					"$(inherited)",
					"@executable_path/Frameworks",
				);
				MARKETING_VERSION = 1.0;
				PRODUCT_BUNDLE_IDENTIFIER = "com.valeriy.kovalevskiy.test-assignment-genai-apps";
				PRODUCT_NAME = "$(TARGET_NAME)";
				SUPPORTED_PLATFORMS = "iphoneos iphonesimulator";
				SUPPORTS_MACCATALYST = NO;
				SUPPORTS_MAC_DESIGNED_FOR_IPHONE_IPAD = NO;
				SUPPORTS_XR_DESIGNED_FOR_IPHONE_IPAD = NO;
				SWIFT_EMIT_LOC_STRINGS = YES;
				SWIFT_VERSION = 5.0;
				TARGETED_DEVICE_FAMILY = "1,2";
			};
			name = Release;
		};
/* End XCBuildConfiguration section */

/* Begin XCConfigurationList section */
		04E332602C36BABF00B8309D /* Build configuration list for PBXProject "test-assignment-genai-apps" */ = {
			isa = XCConfigurationList;
			buildConfigurations = (
				04E332712C36BAC000B8309D /* Debug */,
				04E332722C36BAC000B8309D /* Release */,
			);
			defaultConfigurationIsVisible = 0;
			defaultConfigurationName = Release;
		};
		04E332732C36BAC000B8309D /* Build configuration list for PBXNativeTarget "test-assignment-genai-apps" */ = {
			isa = XCConfigurationList;
			buildConfigurations = (
				04E332742C36BAC000B8309D /* Debug */,
				04E332752C36BAC000B8309D /* Release */,
			);
			defaultConfigurationIsVisible = 0;
			defaultConfigurationName = Release;
		};
/* End XCConfigurationList section */

/* Begin XCRemoteSwiftPackageReference section */
		04E332762C36C35900B8309D /* XCRemoteSwiftPackageReference "Moya" */ = {
			isa = XCRemoteSwiftPackageReference;
			repositoryURL = "https://github.com/Moya/Moya.git";
			requirement = {
				kind = upToNextMajorVersion;
				minimumVersion = 15.0.3;
			};
		};
/* End XCRemoteSwiftPackageReference section */

/* Begin XCSwiftPackageProductDependency section */
		04E332772C36C35900B8309D /* CombineMoya */ = {
			isa = XCSwiftPackageProductDependency;
			package = 04E332762C36C35900B8309D /* XCRemoteSwiftPackageReference "Moya" */;
			productName = CombineMoya;
		};
		04E332792C36C35900B8309D /* Moya */ = {
			isa = XCSwiftPackageProductDependency;
			package = 04E332762C36C35900B8309D /* XCRemoteSwiftPackageReference "Moya" */;
			productName = Moya;
		};
/* End XCSwiftPackageProductDependency section */
	};
	rootObject = 04E3325D2C36BABF00B8309D /* Project object */;
}
